# THIS IS AN AUTOGENERATED FILE. DO NOT EDIT THIS FILE DIRECTLY.
# yarn lockfile v1


"acorn@^8.5.0":
  "integrity" "sha1-RRLMuZs2mMdSWR6btEcuOK1DzuI="
  "resolved" "https://registry.nlark.com/acorn/download/acorn-8.5.0.tgz?cache=0&sync_timestamp=1630916517167&other_urls=https%3A%2F%2Fregistry.nlark.com%2Facorn%2Fdownload%2Facorn-8.5.0.tgz"
  "version" "8.5.0"

"magic-string@^0.25.7":
  "integrity" "sha1-P0l9b9NMZpxnmNy4IfLvMfVEUFE="
  "resolved" "https://registry.nlark.com/magic-string/download/magic-string-0.25.7.tgz"
  "version" "0.25.7"
  dependencies:
    "sourcemap-codec" "^1.4.4"

"sourcemap-codec@^1.4.4":
  "integrity" "sha1-6oBL2UhXQC5pktBaOO8a41qatMQ="
  "resolved" "https://registry.nlark.com/sourcemap-codec/download/sourcemap-codec-1.4.8.tgz"
  "version" "1.4.8"
